
Microsoft Visual Studio Solution File, Format Version 12.00
# Visual Studio 15
VisualStudioVersion = 15.0.27703.2018
MinimumVisualStudioVersion = 10.0.40219.1
Project("{8BC9CEB8-8B4A-11D0-8D11-00A0C91BC942}") = "3lab", "3lab\3lab.vcxproj", "{3452244D-E0E8-4A7B-85A2-1F1F71C38A81}"
EndProject
Project("{8BC9CEB8-8B4A-11D0-8D11-00A0C91BC942}") = "TestTVSet", "TestTVSet\TestTVSet.vcxproj", "{F4C6957E-A960-4B45-B426-192688844B28}"
EndProject
Global
	GlobalSection(SolutionConfigurationPlatforms) = preSolution
		Debug|x64 = Debug|x64
		Debug|x86 = Debug|x86
		Release|x64 = Release|x64
		Release|x86 = Release|x86
	EndGlobalSection
	GlobalSection(ProjectConfigurationPlatforms) = postSolution
		{3452244D-E0E8-4A7B-85A2-1F1F71C38A81}.Debug|x64.ActiveCfg = Debug|x64
		{3452244D-E0E8-4A7B-85A2-1F1F71C38A81}.Debug|x64.Build.0 = Debug|x64
		{3452244D-E0E8-4A7B-85A2-1F1F71C38A81}.Debug|x86.ActiveCfg = Debug|Win32
		{3452244D-E0E8-4A7B-85A2-1F1F71C38A81}.Debug|x86.Build.0 = Debug|Win32
		{3452244D-E0E8-4A7B-85A2-1F1F71C38A81}.Release|x64.ActiveCfg = Release|x64
		{3452244D-E0E8-4A7B-85A2-1F1F71C38A81}.Release|x64.Build.0 = Release|x64
		{3452244D-E0E8-4A7B-85A2-1F1F71C38A81}.Release|x86.ActiveCfg = Release|Win32
		{3452244D-E0E8-4A7B-85A2-1F1F71C38A81}.Release|x86.Build.0 = Release|Win32
		{F4C6957E-A960-4B45-B426-192688844B28}.Debug|x64.ActiveCfg = Debug|x64
		{F4C6957E-A960-4B45-B426-192688844B28}.Debug|x64.Build.0 = Debug|x64
		{F4C6957E-A960-4B45-B426-192688844B28}.Debug|x86.ActiveCfg = Debug|Win32
		{F4C6957E-A960-4B45-B426-192688844B28}.Debug|x86.Build.0 = Debug|Win32
		{F4C6957E-A960-4B45-B426-192688844B28}.Release|x64.ActiveCfg = Release|x64
		{F4C6957E-A960-4B45-B426-192688844B28}.Release|x64.Build.0 = Release|x64
		{F4C6957E-A960-4B45-B426-192688844B28}.Release|x86.ActiveCfg = Release|Win32
		{F4C6957E-A960-4B45-B426-192688844B28}.Release|x86.Build.0 = Release|Win32
	EndGlobalSection
	GlobalSection(SolutionProperties) = preSolution
		HideSolutionNode = FALSE
	EndGlobalSection
	GlobalSection(ExtensibilityGlobals) = postSolution
		SolutionGuid = {AD825AAF-B1D3-40E8-A243-F044BF22B2B1}
	EndGlobalSection
EndGlobal
